
Microsoft Visual Studio Solution File, Format Version 12.00
# Visual Studio Version 17
VisualStudioVersion = 17.2.32516.85
MinimumVisualStudioVersion = 10.0.40219.1
Project("{FAE04EC0-301F-11D3-BF4B-00C04F79EFBC}") = "CompatibilityChecker", "CompatibilityChecker\CompatibilityChecker.csproj", "{8E2819A5-5D14-4FAC-8D11-F70F0E577C71}"
EndProject
Global
	GlobalSection(SolutionConfigurationPlatforms) = preSolution
		Debug|Any CPU = Debug|Any CPU
		Release|Any CPU = Release|Any CPU
	EndGlobalSection
	GlobalSection(ProjectConfigurationPlatforms) = postSolution
		{8E2819A5-5D14-4FAC-8D11-F70F0E577C71}.Debug|Any CPU.ActiveCfg = Debug|Any CPU
		{8E2819A5-5D14-4FAC-8D11-F70F0E577C71}.Debug|Any CPU.Build.0 = Debug|Any CPU
		{8E2819A5-5D14-4FAC-8D11-F70F0E577C71}.Release|Any CPU.ActiveCfg = Release|Any CPU
		{8E2819A5-5D14-4FAC-8D11-F70F0E577C71}.Release|Any CPU.Build.0 = Release|Any CPU
	EndGlobalSection
	GlobalSection(SolutionProperties) = preSolution
		HideSolutionNode = FALSE
	EndGlobalSection
	GlobalSection(ExtensibilityGlobals) = postSolution
		SolutionGuid = {C4E6EA30-5DF6-4AF6-9CF5-D9B7DE3CA7F2}
	EndGlobalSection
EndGlobal
